
Microsoft Visual Studio Solution File, Format Version 12.00
# Visual Studio 15
VisualStudioVersion = 15.0.27703.2026
MinimumVisualStudioVersion = 10.0.40219.1
Project("{8BC9CEB8-8B4A-11D0-8D11-00A0C91BC942}") = "Game Ninja Gaiden", "Game Ninja Gaiden\Game Ninja Gaiden.vcxproj", "{2C205C1C-D7D7-4596-8F57-2FAAB3A4A038}"
EndProject
Global
	GlobalSection(SolutionConfigurationPlatforms) = preSolution
		Debug|x64 = Debug|x64
		Debug|x86 = Debug|x86
		Release|x64 = Release|x64
		Release|x86 = Release|x86
	EndGlobalSection
	GlobalSection(ProjectConfigurationPlatforms) = postSolution
		{2C205C1C-D7D7-4596-8F57-2FAAB3A4A038}.Debug|x64.ActiveCfg = Debug|x64
		{2C205C1C-D7D7-4596-8F57-2FAAB3A4A038}.Debug|x64.Build.0 = Debug|x64
		{2C205C1C-D7D7-4596-8F57-2FAAB3A4A038}.Debug|x86.ActiveCfg = Debug|Win32
		{2C205C1C-D7D7-4596-8F57-2FAAB3A4A038}.Debug|x86.Build.0 = Debug|Win32
		{2C205C1C-D7D7-4596-8F57-2FAAB3A4A038}.Release|x64.ActiveCfg = Release|x64
		{2C205C1C-D7D7-4596-8F57-2FAAB3A4A038}.Release|x64.Build.0 = Release|x64
		{2C205C1C-D7D7-4596-8F57-2FAAB3A4A038}.Release|x86.ActiveCfg = Release|Win32
		{2C205C1C-D7D7-4596-8F57-2FAAB3A4A038}.Release|x86.Build.0 = Release|Win32
	EndGlobalSection
	GlobalSection(SolutionProperties) = preSolution
		HideSolutionNode = FALSE
	EndGlobalSection
	GlobalSection(ExtensibilityGlobals) = postSolution
		SolutionGuid = {F9B17D44-1C38-4713-A89F-23AB7B358CE0}
	EndGlobalSection
EndGlobal
